// !$*UTF8*$!
{
	archiveVersion = 1;
	classes = {
	};
	objectVersion = 48;
	objects = {

/* Begin PBXBuildFile section */
		A68CBCD51F067AF1003073EB /* AppDelegate.swift in Sources */ = {isa = PBXBuildFile; fileRef = A68CBCD41F067AF1003073EB /* AppDelegate.swift */; };
		A68CBCD71F067AF1003073EB /* ViewController.swift in Sources */ = {isa = PBXBuildFile; fileRef = A68CBCD61F067AF1003073EB /* ViewController.swift */; };
		A68CBCD91F067AF1003073EB /* Assets.xcassets in Resources */ = {isa = PBXBuildFile; fileRef = A68CBCD81F067AF1003073EB /* Assets.xcassets */; };
		A68CBCDC1F067AF1003073EB /* Main.storyboard in Resources */ = {isa = PBXBuildFile; fileRef = A68CBCDA1F067AF1003073EB /* Main.storyboard */; };
		A68CBCE81F067AF1003073EB /* JessieTests.swift in Sources */ = {isa = PBXBuildFile; fileRef = A68CBCE71F067AF1003073EB /* JessieTests.swift */; };
		A68CBCF31F067AF1003073EB /* JessieUITests.swift in Sources */ = {isa = PBXBuildFile; fileRef = A68CBCF21F067AF1003073EB /* JessieUITests.swift */; };
/* End PBXBuildFile section */

/* Begin PBXContainerItemProxy section */
		A68CBCE41F067AF1003073EB /* PBXContainerItemProxy */ = {
			isa = PBXContainerItemProxy;
			containerPortal = A68CBCC91F067AF1003073EB /* Project object */;
			proxyType = 1;
			remoteGlobalIDString = A68CBCD01F067AF1003073EB;
			remoteInfo = Jessie;
		};
		A68CBCEF1F067AF1003073EB /* PBXContainerItemProxy */ = {
			isa = PBXContainerItemProxy;
			containerPortal = A68CBCC91F067AF1003073EB /* Project object */;
			proxyType = 1;
			remoteGlobalIDString = A68CBCD01F067AF1003073EB;
			remoteInfo = Jessie;
		};
/* End PBXContainerItemProxy section */

/* Begin PBXFileReference section */
		A68CBCD11F067AF1003073EB /* Jessie.app */ = {isa = PBXFileReference; explicitFileType = wrapper.application; includeInIndex = 0; path = Jessie.app; sourceTree = BUILT_PRODUCTS_DIR; };
		A68CBCD41F067AF1003073EB /* AppDelegate.swift */ = {isa = PBXFileReference; lastKnownFileType = sourcecode.swift; path = AppDelegate.swift; sourceTree = "<group>"; };
		A68CBCD61F067AF1003073EB /* ViewController.swift */ = {isa = PBXFileReference; lastKnownFileType = sourcecode.swift; path = ViewController.swift; sourceTree = "<group>"; };
		A68CBCD81F067AF1003073EB /* Assets.xcassets */ = {isa = PBXFileReference; lastKnownFileType = folder.assetcatalog; path = Assets.xcassets; sourceTree = "<group>"; };
		A68CBCDB1F067AF1003073EB /* Base */ = {isa = PBXFileReference; lastKnownFileType = file.storyboard; name = Base; path = Base.lproj/Main.storyboard; sourceTree = "<group>"; };
		A68CBCDD1F067AF1003073EB /* Info.plist */ = {isa = PBXFileReference; lastKnownFileType = text.plist.xml; path = Info.plist; sourceTree = "<group>"; };
		A68CBCDE1F067AF1003073EB /* Jessie.entitlements */ = {isa = PBXFileReference; lastKnownFileType = text.plist.entitlements; path = Jessie.entitlements; sourceTree = "<group>"; };
		A68CBCE31F067AF1003073EB /* JessieTests.xctest */ = {isa = PBXFileReference; explicitFileType = wrapper.cfbundle; includeInIndex = 0; path = JessieTests.xctest; sourceTree = BUILT_PRODUCTS_DIR; };
		A68CBCE71F067AF1003073EB /* JessieTests.swift */ = {isa = PBXFileReference; lastKnownFileType = sourcecode.swift; path = JessieTests.swift; sourceTree = "<group>"; };
		A68CBCE91F067AF1003073EB /* Info.plist */ = {isa = PBXFileReference; lastKnownFileType = text.plist.xml; path = Info.plist; sourceTree = "<group>"; };
		A68CBCEE1F067AF1003073EB /* JessieUITests.xctest */ = {isa = PBXFileReference; explicitFileType = wrapper.cfbundle; includeInIndex = 0; path = JessieUITests.xctest; sourceTree = BUILT_PRODUCTS_DIR; };
		A68CBCF21F067AF1003073EB /* JessieUITests.swift */ = {isa = PBXFileReference; lastKnownFileType = sourcecode.swift; path = JessieUITests.swift; sourceTree = "<group>"; };
		A68CBCF41F067AF1003073EB /* Info.plist */ = {isa = PBXFileReference; lastKnownFileType = text.plist.xml; path = Info.plist; sourceTree = "<group>"; };
/* End PBXFileReference section */

/* Begin PBXFrameworksBuildPhase section */
		A68CBCCE1F067AF1003073EB /* Frameworks */ = {
			isa = PBXFrameworksBuildPhase;
			buildActionMask = 2147483647;
			files = (
			);
			runOnlyForDeploymentPostprocessing = 0;
		};
		A68CBCE01F067AF1003073EB /* Frameworks */ = {
			isa = PBXFrameworksBuildPhase;
			buildActionMask = 2147483647;
			files = (
			);
			runOnlyForDeploymentPostprocessing = 0;
		};
		A68CBCEB1F067AF1003073EB /* Frameworks */ = {
			isa = PBXFrameworksBuildPhase;
			buildActionMask = 2147483647;
			files = (
			);
			runOnlyForDeploymentPostprocessing = 0;
		};
/* End PBXFrameworksBuildPhase section */

/* Begin PBXGroup section */
		A68CBCC81F067AF1003073EB = {
			isa = PBXGroup;
			children = (
				A68CBCD31F067AF1003073EB /* Jessie */,
				A68CBCE61F067AF1003073EB /* JessieTests */,
				A68CBCF11F067AF1003073EB /* JessieUITests */,
				A68CBCD21F067AF1003073EB /* Products */,
			);
			sourceTree = "<group>";
		};
		A68CBCD21F067AF1003073EB /* Products */ = {
			isa = PBXGroup;
			children = (
				A68CBCD11F067AF1003073EB /* Jessie.app */,
				A68CBCE31F067AF1003073EB /* JessieTests.xctest */,
				A68CBCEE1F067AF1003073EB /* JessieUITests.xctest */,
			);
			name = Products;
			sourceTree = "<group>";
		};
		A68CBCD31F067AF1003073EB /* Jessie */ = {
			isa = PBXGroup;
			children = (
				A68CBCD41F067AF1003073EB /* AppDelegate.swift */,
				A68CBCD61F067AF1003073EB /* ViewController.swift */,
				A68CBCD81F067AF1003073EB /* Assets.xcassets */,
				A68CBCDA1F067AF1003073EB /* Main.storyboard */,
				A68CBCDD1F067AF1003073EB /* Info.plist */,
				A68CBCDE1F067AF1003073EB /* Jessie.entitlements */,
			);
			path = Jessie;
			sourceTree = "<group>";
		};
		A68CBCE61F067AF1003073EB /* JessieTests */ = {
			isa = PBXGroup;
			children = (
				A68CBCE71F067AF1003073EB /* JessieTests.swift */,
				A68CBCE91F067AF1003073EB /* Info.plist */,
			);
			path = JessieTests;
			sourceTree = "<group>";
		};
		A68CBCF11F067AF1003073EB /* JessieUITests */ = {
			isa = PBXGroup;
			children = (
				A68CBCF21F067AF1003073EB /* JessieUITests.swift */,
				A68CBCF41F067AF1003073EB /* Info.plist */,
			);
			path = JessieUITests;
			sourceTree = "<group>";
		};
/* End PBXGroup section */

/* Begin PBXNativeTarget section */
		A68CBCD01F067AF1003073EB /* Jessie */ = {
			isa = PBXNativeTarget;
			buildConfigurationList = A68CBCF71F067AF1003073EB /* Build configuration list for PBXNativeTarget "Jessie" */;
			buildPhases = (
				A68CBCCD1F067AF1003073EB /* Sources */,
				A68CBCCE1F067AF1003073EB /* Frameworks */,
				A68CBCCF1F067AF1003073EB /* Resources */,
			);
			buildRules = (
			);
			dependencies = (
			);
			name = Jessie;
			productName = Jessie;
			productReference = A68CBCD11F067AF1003073EB /* Jessie.app */;
			productType = "com.apple.product-type.application";
		};
		A68CBCE21F067AF1003073EB /* JessieTests */ = {
			isa = PBXNativeTarget;
			buildConfigurationList = A68CBCFA1F067AF1003073EB /* Build configuration list for PBXNativeTarget "JessieTests" */;
			buildPhases = (
				A68CBCDF1F067AF1003073EB /* Sources */,
				A68CBCE01F067AF1003073EB /* Frameworks */,
				A68CBCE11F067AF1003073EB /* Resources */,
			);
			buildRules = (
			);
			dependencies = (
				A68CBCE51F067AF1003073EB /* PBXTargetDependency */,
			);
			name = JessieTests;
			productName = JessieTests;
			productReference = A68CBCE31F067AF1003073EB /* JessieTests.xctest */;
			productType = "com.apple.product-type.bundle.unit-test";
		};
		A68CBCED1F067AF1003073EB /* JessieUITests */ = {
			isa = PBXNativeTarget;
			buildConfigurationList = A68CBCFD1F067AF1003073EB /* Build configuration list for PBXNativeTarget "JessieUITests" */;
			buildPhases = (
				A68CBCEA1F067AF1003073EB /* Sources */,
				A68CBCEB1F067AF1003073EB /* Frameworks */,
				A68CBCEC1F067AF1003073EB /* Resources */,
			);
			buildRules = (
			);
			dependencies = (
				A68CBCF01F067AF1003073EB /* PBXTargetDependency */,
			);
			name = JessieUITests;
			productName = JessieUITests;
			productReference = A68CBCEE1F067AF1003073EB /* JessieUITests.xctest */;
			productType = "com.apple.product-type.bundle.ui-testing";
		};
/* End PBXNativeTarget section */

/* Begin PBXProject section */
		A68CBCC91F067AF1003073EB /* Project object */ = {
			isa = PBXProject;
			attributes = {
				LastSwiftUpdateCheck = 0900;
				LastUpgradeCheck = 0900;
				ORGANIZATIONNAME = "Olexandr Matviichuk";
				TargetAttributes = {
					A68CBCD01F067AF1003073EB = {
						CreatedOnToolsVersion = 9.0;
					};
					A68CBCE21F067AF1003073EB = {
						CreatedOnToolsVersion = 9.0;
						TestTargetID = A68CBCD01F067AF1003073EB;
					};
					A68CBCED1F067AF1003073EB = {
						CreatedOnToolsVersion = 9.0;
						TestTargetID = A68CBCD01F067AF1003073EB;
					};
				};
			};
			buildConfigurationList = A68CBCCC1F067AF1003073EB /* Build configuration list for PBXProject "Jessie" */;
			compatibilityVersion = "Xcode 8.0";
			developmentRegion = en;
			hasScannedForEncodings = 0;
			knownRegions = (
				en,
				Base,
			);
			mainGroup = A68CBCC81F067AF1003073EB;
			productRefGroup = A68CBCD21F067AF1003073EB /* Products */;
			projectDirPath = "";
			projectRoot = "";
			targets = (
				A68CBCD01F067AF1003073EB /* Jessie */,
				A68CBCE21F067AF1003073EB /* JessieTests */,
				A68CBCED1F067AF1003073EB /* JessieUITests */,
			);
		};
/* End PBXProject section */

/* Begin PBXResourcesBuildPhase section */
		A68CBCCF1F067AF1003073EB /* Resources */ = {
			isa = PBXResourcesBuildPhase;
			buildActionMask = 2147483647;
			files = (
				A68CBCD91F067AF1003073EB /* Assets.xcassets in Resources */,
				A68CBCDC1F067AF1003073EB /* Main.storyboard in Resources */,
			);
			runOnlyForDeploymentPostprocessing = 0;
		};
		A68CBCE11F067AF1003073EB /* Resources */ = {
			isa = PBXResourcesBuildPhase;
			buildActionMask = 2147483647;
			files = (
			);
			runOnlyForDeploymentPostprocessing = 0;
		};
		A68CBCEC1F067AF1003073EB /* Resources */ = {
			isa = PBXResourcesBuildPhase;
			buildActionMask = 2147483647;
			files = (
			);
			runOnlyForDeploymentPostprocessing = 0;
		};
/* End PBXResourcesBuildPhase section */

/* Begin PBXSourcesBuildPhase section */
		A68CBCCD1F067AF1003073EB /* Sources */ = {
			isa = PBXSourcesBuildPhase;
			buildActionMask = 2147483647;
			files = (
				A68CBCD71F067AF1003073EB /* ViewController.swift in Sources */,
				A68CBCD51F067AF1003073EB /* AppDelegate.swift in Sources */,
			);
			runOnlyForDeploymentPostprocessing = 0;
		};
		A68CBCDF1F067AF1003073EB /* Sources */ = {
			isa = PBXSourcesBuildPhase;
			buildActionMask = 2147483647;
			files = (
				A68CBCE81F067AF1003073EB /* JessieTests.swift in Sources */,
			);
			runOnlyForDeploymentPostprocessing = 0;
		};
		A68CBCEA1F067AF1003073EB /* Sources */ = {
			isa = PBXSourcesBuildPhase;
			buildActionMask = 2147483647;
			files = (
				A68CBCF31F067AF1003073EB /* JessieUITests.swift in Sources */,
			);
			runOnlyForDeploymentPostprocessing = 0;
		};
/* End PBXSourcesBuildPhase section */

/* Begin PBXTargetDependency section */
		A68CBCE51F067AF1003073EB /* PBXTargetDependency */ = {
			isa = PBXTargetDependency;
			target = A68CBCD01F067AF1003073EB /* Jessie */;
			targetProxy = A68CBCE41F067AF1003073EB /* PBXContainerItemProxy */;
		};
		A68CBCF01F067AF1003073EB /* PBXTargetDependency */ = {
			isa = PBXTargetDependency;
			target = A68CBCD01F067AF1003073EB /* Jessie */;
			targetProxy = A68CBCEF1F067AF1003073EB /* PBXContainerItemProxy */;
		};
/* End PBXTargetDependency section */

/* Begin PBXVariantGroup section */
		A68CBCDA1F067AF1003073EB /* Main.storyboard */ = {
			isa = PBXVariantGroup;
			children = (
				A68CBCDB1F067AF1003073EB /* Base */,
			);
			name = Main.storyboard;
			sourceTree = "<group>";
		};
/* End PBXVariantGroup section */

/* Begin XCBuildConfiguration section */
		A68CBCF51F067AF1003073EB /* Debug */ = {
			isa = XCBuildConfiguration;
			buildSettings = {
				ALWAYS_SEARCH_USER_PATHS = NO;
				CLANG_ANALYZER_NONNULL = YES;
				CLANG_ANALYZER_NUMBER_OBJECT_CONVERSION = YES_AGGRESSIVE;
				CLANG_CXX_LANGUAGE_STANDARD = "gnu++14";
				CLANG_CXX_LIBRARY = "libc++";
				CLANG_ENABLE_MODULES = YES;
				CLANG_ENABLE_OBJC_ARC = YES;
				CLANG_WARN_BLOCK_CAPTURE_AUTORELEASING = YES;
				CLANG_WARN_BOOL_CONVERSION = YES;
				CLANG_WARN_COMMA = YES;
				CLANG_WARN_CONSTANT_CONVERSION = YES;
				CLANG_WARN_DIRECT_OBJC_ISA_USAGE = YES_ERROR;
				CLANG_WARN_DOCUMENTATION_COMMENTS = YES;
				CLANG_WARN_EMPTY_BODY = YES;
				CLANG_WARN_ENUM_CONVERSION = YES;
				CLANG_WARN_INFINITE_RECURSION = YES;
				CLANG_WARN_INT_CONVERSION = YES;
				CLANG_WARN_OBJC_ROOT_CLASS = YES_ERROR;
				CLANG_WARN_RANGE_LOOP_ANALYSIS = YES;
				CLANG_WARN_STRICT_PROTOTYPES = YES;
				CLANG_WARN_SUSPICIOUS_MOVE = YES;
				CLANG_WARN_UNGUARDED_AVAILABILITY = YES_AGGRESSIVE;
				CLANG_WARN_UNREACHABLE_CODE = YES;
				CLANG_WARN__DUPLICATE_METHOD_MATCH = YES;
				CODE_SIGN_IDENTITY = "Mac Developer";
				COPY_PHASE_STRIP = NO;
				DEBUG_INFORMATION_FORMAT = dwarf;
				ENABLE_STRICT_OBJC_MSGSEND = YES;
				ENABLE_TESTABILITY = YES;
				GCC_C_LANGUAGE_STANDARD = gnu11;
				GCC_DYNAMIC_NO_PIC = NO;
				GCC_NO_COMMON_BLOCKS = YES;
				GCC_OPTIMIZATION_LEVEL = 0;
				GCC_PREPROCESSOR_DEFINITIONS = (
					"DEBUG=1",
					"$(inherited)",
				);
				GCC_WARN_64_TO_32_BIT_CONVERSION = YES;
				GCC_WARN_ABOUT_RETURN_TYPE = YES_ERROR;
				GCC_WARN_UNDECLARED_SELECTOR = YES;
				GCC_WARN_UNINITIALIZED_AUTOS = YES_AGGRESSIVE;
				GCC_WARN_UNUSED_FUNCTION = YES;
				GCC_WARN_UNUSED_VARIABLE = YES;
				MACOSX_DEPLOYMENT_TARGET = 10.12;
				MTL_ENABLE_DEBUG_INFO = YES;
				ONLY_ACTIVE_ARCH = YES;
				SDKROOT = macosx;
				SWIFT_ACTIVE_COMPILATION_CONDITIONS = DEBUG;
				SWIFT_OPTIMIZATION_LEVEL = "-Onone";
			};
			name = Debug;
		};
		A68CBCF61F067AF1003073EB /* Release */ = {
			isa = XCBuildConfiguration;
			buildSettings = {
				ALWAYS_SEARCH_USER_PATHS = NO;
				CLANG_ANALYZER_NONNULL = YES;
				CLANG_ANALYZER_NUMBER_OBJECT_CONVERSION = YES_AGGRESSIVE;
				CLANG_CXX_LANGUAGE_STANDARD = "gnu++14";
				CLANG_CXX_LIBRARY = "libc++";
				CLANG_ENABLE_MODULES = YES;
				CLANG_ENABLE_OBJC_ARC = YES;
				CLANG_WARN_BLOCK_CAPTURE_AUTORELEASING = YES;
				CLANG_WARN_BOOL_CONVERSION = YES;
				CLANG_WARN_COMMA = YES;
				CLANG_WARN_CONSTANT_CONVERSION = YES;
				CLANG_WARN_DIRECT_OBJC_ISA_USAGE = YES_ERROR;
				CLANG_WARN_DOCUMENTATION_COMMENTS = YES;
				CLANG_WARN_EMPTY_BODY = YES;
				CLANG_WARN_ENUM_CONVERSION = YES;
				CLANG_WARN_INFINITE_RECURSION = YES;
				CLANG_WARN_INT_CONVERSION = YES;
				CLANG_WARN_OBJC_ROOT_CLASS = YES_ERROR;
				CLANG_WARN_RANGE_LOOP_ANALYSIS = YES;
				CLANG_WARN_STRICT_PROTOTYPES = YES;
				CLANG_WARN_SUSPICIOUS_MOVE = YES;
				CLANG_WARN_UNGUARDED_AVAILABILITY = YES_AGGRESSIVE;
				CLANG_WARN_UNREACHABLE_CODE = YES;
				CLANG_WARN__DUPLICATE_METHOD_MATCH = YES;
				CODE_SIGN_IDENTITY = "Mac Developer";
				COPY_PHASE_STRIP = NO;
				DEBUG_INFORMATION_FORMAT = "dwarf-with-dsym";
				ENABLE_NS_ASSERTIONS = NO;
				ENABLE_STRICT_OBJC_MSGSEND = YES;
				GCC_C_LANGUAGE_STANDARD = gnu11;
				GCC_NO_COMMON_BLOCKS = YES;
				GCC_WARN_64_TO_32_BIT_CONVERSION = YES;
				GCC_WARN_ABOUT_RETURN_TYPE = YES_ERROR;
				GCC_WARN_UNDECLARED_SELECTOR = YES;
				GCC_WARN_UNINITIALIZED_AUTOS = YES_AGGRESSIVE;
				GCC_WARN_UNUSED_FUNCTION = YES;
				GCC_WARN_UNUSED_VARIABLE = YES;
				MACOSX_DEPLOYMENT_TARGET = 10.12;
				MTL_ENABLE_DEBUG_INFO = NO;
				SDKROOT = macosx;
				SWIFT_OPTIMIZATION_LEVEL = "-Owholemodule";
			};
			name = Release;
		};
		A68CBCF81F067AF1003073EB /* Debug */ = {
			isa = XCBuildConfiguration;
			buildSettings = {
				ASSETCATALOG_COMPILER_APPICON_NAME = AppIcon;
				CODE_SIGN_ENTITLEMENTS = Jessie/Jessie.entitlements;
				COMBINE_HIDPI_IMAGES = YES;
				DEVELOPMENT_TEAM = FH842TBZN3;
				INFOPLIST_FILE = Jessie/Info.plist;
				LD_RUNPATH_SEARCH_PATHS = "$(inherited) @executable_path/../Frameworks";
				PRODUCT_BUNDLE_IDENTIFIER = com.matviichuk.Jessie;
				PRODUCT_NAME = "$(TARGET_NAME)";
				SWIFT_VERSION = 4.0;
			};
			name = Debug;
		};
		A68CBCF91F067AF1003073EB /* Release */ = {
			isa = XCBuildConfiguration;
			buildSettings = {
				ASSETCATALOG_COMPILER_APPICON_NAME = AppIcon;
				CODE_SIGN_ENTITLEMENTS = Jessie/Jessie.entitlements;
				COMBINE_HIDPI_IMAGES = YES;
				DEVELOPMENT_TEAM = FH842TBZN3;
				INFOPLIST_FILE = Jessie/Info.plist;
				LD_RUNPATH_SEARCH_PATHS = "$(inherited) @executable_path/../Frameworks";
				PRODUCT_BUNDLE_IDENTIFIER = com.matviichuk.Jessie;
				PRODUCT_NAME = "$(TARGET_NAME)";
				SWIFT_VERSION = 4.0;
			};
			name = Release;
		};
		A68CBCFB1F067AF1003073EB /* Debug */ = {
			isa = XCBuildConfiguration;
			buildSettings = {
				ALWAYS_EMBED_SWIFT_STANDARD_LIBRARIES = YES;
				BUNDLE_LOADER = "$(TEST_HOST)";
				COMBINE_HIDPI_IMAGES = YES;
				DEVELOPMENT_TEAM = FH842TBZN3;
				INFOPLIST_FILE = JessieTests/Info.plist;
				LD_RUNPATH_SEARCH_PATHS = "$(inherited) @executable_path/../Frameworks @loader_path/../Frameworks";
				PRODUCT_BUNDLE_IDENTIFIER = com.matviichuk.JessieTests;
				PRODUCT_NAME = "$(TARGET_NAME)";
				SWIFT_VERSION = 4.0;
				TEST_HOST = "$(BUILT_PRODUCTS_DIR)/Jessie.app/Contents/MacOS/Jessie";
			};
			name = Debug;
		};
		A68CBCFC1F067AF1003073EB /* Release */ = {
			isa = XCBuildConfiguration;
			buildSettings = {
				ALWAYS_EMBED_SWIFT_STANDARD_LIBRARIES = YES;
				BUNDLE_LOADER = "$(TEST_HOST)";
				COMBINE_HIDPI_IMAGES = YES;
				DEVELOPMENT_TEAM = FH842TBZN3;
				INFOPLIST_FILE = JessieTests/Info.plist;
				LD_RUNPATH_SEARCH_PATHS = "$(inherited) @executable_path/../Frameworks @loader_path/../Frameworks";
				PRODUCT_BUNDLE_IDENTIFIER = com.matviichuk.JessieTests;
				PRODUCT_NAME = "$(TARGET_NAME)";
				SWIFT_VERSION = 4.0;
				TEST_HOST = "$(BUILT_PRODUCTS_DIR)/Jessie.app/Contents/MacOS/Jessie";
			};
			name = Release;
		};
		A68CBCFE1F067AF1003073EB /* Debug */ = {
			isa = XCBuildConfiguration;
			buildSettings = {
				ALWAYS_EMBED_SWIFT_STANDARD_LIBRARIES = YES;
				COMBINE_HIDPI_IMAGES = YES;
				DEVELOPMENT_TEAM = FH842TBZN3;
				INFOPLIST_FILE = JessieUITests/Info.plist;
				LD_RUNPATH_SEARCH_PATHS = "$(inherited) @executable_path/../Frameworks @loader_path/../Frameworks";
				PRODUCT_BUNDLE_IDENTIFIER = com.matviichuk.JessieUITests;
				PRODUCT_NAME = "$(TARGET_NAME)";
				SWIFT_VERSION = 4.0;
				TEST_TARGET_NAME = Jessie;
			};
			name = Debug;
		};
		A68CBCFF1F067AF1003073EB /* Release */ = {
			isa = XCBuildConfiguration;
			buildSettings = {
				ALWAYS_EMBED_SWIFT_STANDARD_LIBRARIES = YES;
				COMBINE_HIDPI_IMAGES = YES;
				DEVELOPMENT_TEAM = FH842TBZN3;
				INFOPLIST_FILE = JessieUITests/Info.plist;
				LD_RUNPATH_SEARCH_PATHS = "$(inherited) @executable_path/../Frameworks @loader_path/../Frameworks";
				PRODUCT_BUNDLE_IDENTIFIER = com.matviichuk.JessieUITests;
				PRODUCT_NAME = "$(TARGET_NAME)";
				SWIFT_VERSION = 4.0;
				TEST_TARGET_NAME = Jessie;
			};
			name = Release;
		};
/* End XCBuildConfiguration section */

/* Begin XCConfigurationList section */
		A68CBCCC1F067AF1003073EB /* Build configuration list for PBXProject "Jessie" */ = {
			isa = XCConfigurationList;
			buildConfigurations = (
				A68CBCF51F067AF1003073EB /* Debug */,
				A68CBCF61F067AF1003073EB /* Release */,
			);
			defaultConfigurationIsVisible = 0;
			defaultConfigurationName = Release;
		};
		A68CBCF71F067AF1003073EB /* Build configuration list for PBXNativeTarget "Jessie" */ = {
			isa = XCConfigurationList;
			buildConfigurations = (
				A68CBCF81F067AF1003073EB /* Debug */,
				A68CBCF91F067AF1003073EB /* Release */,
			);
			defaultConfigurationIsVisible = 0;
		};
		A68CBCFA1F067AF1003073EB /* Build configuration list for PBXNativeTarget "JessieTests" */ = {
			isa = XCConfigurationList;
			buildConfigurations = (
				A68CBCFB1F067AF1003073EB /* Debug */,
				A68CBCFC1F067AF1003073EB /* Release */,
			);
			defaultConfigurationIsVisible = 0;
		};
		A68CBCFD1F067AF1003073EB /* Build configuration list for PBXNativeTarget "JessieUITests" */ = {
			isa = XCConfigurationList;
			buildConfigurations = (
				A68CBCFE1F067AF1003073EB /* Debug */,
				A68CBCFF1F067AF1003073EB /* Release */,
			);
			defaultConfigurationIsVisible = 0;
		};
/* End XCConfigurationList section */
	};
	rootObject = A68CBCC91F067AF1003073EB /* Project object */;
}
